# This file is generated by running "yarn install" inside your project.
# Manual changes might be lost - proceed with caution!

__metadata:
  version: 8
  cacheKey: 10c0

"@peggyjs/from-mem@npm:1.2.1":
  version: 1.2.1
  resolution: "@peggyjs/from-mem@npm:1.2.1"
  dependencies:
    semver: "npm:7.6.0"
  checksum: ef9e488e057ddb75c5778e6881ebbb0179fba0c5db972ee3aa754505a547499a46da79cf454fec86139432d23fef46b6244d28986691dede56248561527d4f4e
  languageName: node
  linkType: hard

"commander@npm:^12.0.0":
  version: 12.0.0
  resolution: "commander@npm:12.0.0"
  checksum: e51cac1d1d0aa1f76581981d2256a9249497e08f5a370bf63b0dfc7e76a647fc8cbc3ddd507928f2bdca6c514c83834e87e2687ace2fe2fc7cc7e631bf80f83d
  languageName: node
  linkType: hard

"lru-cache@npm:^6.0.0":
  version: 6.0.0
  resolution: "lru-cache@npm:6.0.0"
  dependencies:
    yallist: "npm:^4.0.0"
  checksum: cb53e582785c48187d7a188d3379c181b5ca2a9c78d2bce3e7dee36f32761d1c42983da3fe12b55cb74e1779fa94cdc2e5367c028a9b35317184ede0c07a30a9
  languageName: node
  linkType: hard

"peggy@npm:^4.0.2":
  version: 4.0.2
  resolution: "peggy@npm:4.0.2"
  dependencies:
    "@peggyjs/from-mem": "npm:1.2.1"
    commander: "npm:^12.0.0"
    source-map-generator: "npm:0.8.0"
  bin:
    peggy: bin/peggy.js
  checksum: 7b08616255f03d24af6f716363f880ac680523421038eab7be508fc8a5a01c464a7022f5709cb5dd063297d0adba638fdc396c6571e0fec282583055e6b1ce59
  languageName: node
  linkType: hard

"semver@npm:7.6.0":
  version: 7.6.0
  resolution: "semver@npm:7.6.0"
  dependencies:
    lru-cache: "npm:^6.0.0"
  bin:
    semver: bin/semver.js
  checksum: fbfe717094ace0aa8d6332d7ef5ce727259815bd8d8815700853f4faf23aacbd7192522f0dc5af6df52ef4fa85a355ebd2f5d39f554bd028200d6cf481ab9b53
  languageName: node
  linkType: hard

"source-map-generator@npm:0.8.0":
  version: 0.8.0
  resolution: "source-map-generator@npm:0.8.0"
  checksum: 4cab61cd56c81c4ecd8f2249ea0d81e24210686de1d5814432e9ae03f153692d0e85f1f1edf87ae54f74a18dd4211ad966d721e034d6cacfb08a6f099b0b1329
  languageName: node
  linkType: hard

"when-clause@workspace:.":
  version: 0.0.0-use.local
  resolution: "when-clause@workspace:."
  dependencies:
    peggy: "npm:^4.0.2"
  languageName: unknown
  linkType: soft

"yallist@npm:^4.0.0":
  version: 4.0.0
  resolution: "yallist@npm:4.0.0"
  checksum: 2286b5e8dbfe22204ab66e2ef5cc9bbb1e55dfc873bbe0d568aa943eb255d131890dfd5bf243637273d31119b870f49c18fcde2c6ffbb7a7a092b870dc90625a
  languageName: node
  linkType: hard
